<?xml version="1.0" encoding="UTF-8"?>
<Scheme
   LastUpgradeVersion = "1430"
   version = "1.7">
   <BuildAction
      parallelizeBuildables = "YES"
      buildImplicitDependencies = "YES"
      runPostActionsOnFailure = "NO">
      <BuildActionEntries>
         <BuildActionEntry
            buildForTesting = "YES"
            buildForRunning = "YES"
            buildForProfiling = "YES"
            buildForArchiving = "YES"
            buildForAnalyzing = "YES">
            <BuildableReference
               BuildableIdentifier = "primary"
               BlueprintIdentifier = "DAE7A87E11F66CDF4E58573B"
               BuildableName = "Anticipy.app"
               BlueprintName = "Anticipy"
               ReferencedContainer = "container:Anticipy.xcodeproj">
            </BuildableReference>
         </BuildActionEntry>
      </BuildActionEntries>
   </BuildAction>
   <TestAction
      buildConfiguration = "Debug"
      selectedDebuggerIdentifier = "Xcode.DebuggerFoundation.Debugger.LLDB"
      selectedLauncherIdentifier = "Xcode.DebuggerFoundation.Launcher.LLDB"
      shouldUseLaunchSchemeArgsEnv = "YES"
      onlyGenerateCoverageForSpecifiedTargets = "NO">
      <MacroExpansion>
         <BuildableReference
            BuildableIdentifier = "primary"
            BlueprintIdentifier = "DAE7A87E11F66CDF4E58573B"
            BuildableName = "Anticipy.app"
            BlueprintName = "Anticipy"
            ReferencedContainer = "container:Anticipy.xcodeproj">
         </BuildableReference>
      </MacroExpansion>
      <Testables>
         <TestableReference
            skipped = "NO"
            parallelizable = "NO">
            <BuildableReference
               BuildableIdentifier = "primary"
               BlueprintIdentifier = "61D51CB870A3320778D679FF"
               BuildableName = "AnticipyUITests.xctest"
               BlueprintName = "AnticipyUITests"
               ReferencedContainer = "container:Anticipy.xcodeproj">
            </BuildableReference>
         </TestableReference>
      </Testables>
      <CommandLineArguments>
      </CommandLineArguments>
   </TestAction>
   <LaunchAction
      buildConfiguration = "Debug"
      selectedDebuggerIdentifier = "Xcode.DebuggerFoundation.Debugger.LLDB"
      selectedLauncherIdentifier = "Xcode.DebuggerFoundation.Launcher.LLDB"
      launchStyle = "0"
      useCustomWorkingDirectory = "NO"
      ignoresPersistentStateOnLaunch = "NO"
      debugDocumentVersioning = "YES"
      debugServiceExtension = "internal"
      allowLocationSimulation = "YES">
      <BuildableProductRunnable
         runnableDebuggingMode = "0">
         <BuildableReference
            BuildableIdentifier = "primary"
            BlueprintIdentifier = "DAE7A87E11F66CDF4E58573B"
            BuildableName = "Anticipy.app"
            BlueprintName = "Anticipy"
            ReferencedContainer = "container:Anticipy.xcodeproj">
         </BuildableReference>
      </BuildableProductRunnable>
      <CommandLineArguments>
      </CommandLineArguments>
   </LaunchAction>
   <ProfileAction
      buildConfiguration = "Release"
      shouldUseLaunchSchemeArgsEnv = "YES"
      savedToolIdentifier = ""
      useCustomWorkingDirectory = "NO"
      debugDocumentVersioning = "YES">
      <BuildableProductRunnable
         runnableDebuggingMode = "0">
         <BuildableReference
            BuildableIdentifier = "primary"
            BlueprintIdentifier = "DAE7A87E11F66CDF4E58573B"
            BuildableName = "Anticipy.app"
            BlueprintName = "Anticipy"
            ReferencedContainer = "container:Anticipy.xcodeproj">
         </BuildableReference>
      </BuildableProductRunnable>
      <CommandLineArguments>
      </CommandLineArguments>
   </ProfileAction>
   <AnalyzeAction
      buildConfiguration = "Debug">
   </AnalyzeAction>
   <ArchiveAction
      buildConfiguration = "Release"
      revealArchiveInOrganizer = "YES">
   </ArchiveAction>
</Scheme>
